// !$*UTF8*$!
{
	archiveVersion = 1;
	classes = {
	};
	objectVersion = 50;
	objects = {

/* Begin PBXBuildFile section */
		472DED1E25E1362B00D1DC68 /* AppDelegate.swift in Sources */ = {isa = PBXBuildFile; fileRef = 472DED1D25E1362B00D1DC68 /* AppDelegate.swift */; };
		472DED2025E1362B00D1DC68 /* SceneDelegate.swift in Sources */ = {isa = PBXBuildFile; fileRef = 472DED1F25E1362B00D1DC68 /* SceneDelegate.swift */; };
		472DED2225E1362B00D1DC68 /* HomeViewController.swift in Sources */ = {isa = PBXBuildFile; fileRef = 472DED2125E1362B00D1DC68 /* HomeViewController.swift */; };
		472DED2525E1362C00D1DC68 /* Main.storyboard in Resources */ = {isa = PBXBuildFile; fileRef = 472DED2325E1362C00D1DC68 /* Main.storyboard */; };
		472DED2825E1362C00D1DC68 /* Instagram.xcdatamodeld in Sources */ = {isa = PBXBuildFile; fileRef = 472DED2625E1362C00D1DC68 /* Instagram.xcdatamodeld */; };
		472DED2A25E1363200D1DC68 /* Assets.xcassets in Resources */ = {isa = PBXBuildFile; fileRef = 472DED2925E1363200D1DC68 /* Assets.xcassets */; };
		472DED2D25E1363200D1DC68 /* LaunchScreen.storyboard in Resources */ = {isa = PBXBuildFile; fileRef = 472DED2B25E1363200D1DC68 /* LaunchScreen.storyboard */; };
		472DED3825E1363300D1DC68 /* InstagramTests.swift in Sources */ = {isa = PBXBuildFile; fileRef = 472DED3725E1363300D1DC68 /* InstagramTests.swift */; };
		472DED4325E1363300D1DC68 /* InstagramUITests.swift in Sources */ = {isa = PBXBuildFile; fileRef = 472DED4225E1363300D1DC68 /* InstagramUITests.swift */; };
		472DED5F25E13BB600D1DC68 /* ExploreViewController.swift in Sources */ = {isa = PBXBuildFile; fileRef = 472DED5E25E13BB600D1DC68 /* ExploreViewController.swift */; };
		472DED6F25E13BFB00D1DC68 /* CameraViewController.swift in Sources */ = {isa = PBXBuildFile; fileRef = 472DED6E25E13BFB00D1DC68 /* CameraViewController.swift */; };
		472DED7425E13C2000D1DC68 /* NotificationViewController.swift in Sources */ = {isa = PBXBuildFile; fileRef = 472DED7325E13C2000D1DC68 /* NotificationViewController.swift */; };
		472DED7925E13C3700D1DC68 /* ProfileViewController.swift in Sources */ = {isa = PBXBuildFile; fileRef = 472DED7825E13C3700D1DC68 /* ProfileViewController.swift */; };
		472DED8125E13D0E00D1DC68 /* LoginViewController.swift in Sources */ = {isa = PBXBuildFile; fileRef = 472DED8025E13D0E00D1DC68 /* LoginViewController.swift */; };
		472DED8925E13D2900D1DC68 /* RegistrationViewController.swift in Sources */ = {isa = PBXBuildFile; fileRef = 472DED8825E13D2900D1DC68 /* RegistrationViewController.swift */; };
		472DED8E25E13D5600D1DC68 /* PostViewController.swift in Sources */ = {isa = PBXBuildFile; fileRef = 472DED8D25E13D5600D1DC68 /* PostViewController.swift */; };
		472DED9325E13D8900D1DC68 /* EditProfileViewController.swift in Sources */ = {isa = PBXBuildFile; fileRef = 472DED9225E13D8900D1DC68 /* EditProfileViewController.swift */; };
		472DED9825E13DA000D1DC68 /* SettingsViewController.swift in Sources */ = {isa = PBXBuildFile; fileRef = 472DED9725E13DA000D1DC68 /* SettingsViewController.swift */; };
		472DED9D25E13DC000D1DC68 /* ListViewController.swift in Sources */ = {isa = PBXBuildFile; fileRef = 472DED9C25E13DC000D1DC68 /* ListViewController.swift */; };
		472DEDA225E13DE100D1DC68 /* SearchViewController.swift in Sources */ = {isa = PBXBuildFile; fileRef = 472DEDA125E13DE100D1DC68 /* SearchViewController.swift */; };
		472DEDA725E13DFE00D1DC68 /* SearchResultViewController.swift in Sources */ = {isa = PBXBuildFile; fileRef = 472DEDA625E13DFE00D1DC68 /* SearchResultViewController.swift */; };
		472DEDAC25E13E6A00D1DC68 /* PostEditorViewController.swift in Sources */ = {isa = PBXBuildFile; fileRef = 472DEDAB25E13E6A00D1DC68 /* PostEditorViewController.swift */; };
		472DEDB125E13E8D00D1DC68 /* PublishPostViewController.swift in Sources */ = {isa = PBXBuildFile; fileRef = 472DEDB025E13E8D00D1DC68 /* PublishPostViewController.swift */; };
/* End PBXBuildFile section */

/* Begin PBXContainerItemProxy section */
		472DED3425E1363300D1DC68 /* PBXContainerItemProxy */ = {
			isa = PBXContainerItemProxy;
			containerPortal = 472DED1225E1362B00D1DC68 /* Project object */;
			proxyType = 1;
			remoteGlobalIDString = 472DED1925E1362B00D1DC68;
			remoteInfo = Instagram;
		};
		472DED3F25E1363300D1DC68 /* PBXContainerItemProxy */ = {
			isa = PBXContainerItemProxy;
			containerPortal = 472DED1225E1362B00D1DC68 /* Project object */;
			proxyType = 1;
			remoteGlobalIDString = 472DED1925E1362B00D1DC68;
			remoteInfo = Instagram;
		};
/* End PBXContainerItemProxy section */

/* Begin PBXFileReference section */
		472DED1A25E1362B00D1DC68 /* Instagram.app */ = {isa = PBXFileReference; explicitFileType = wrapper.application; includeInIndex = 0; path = Instagram.app; sourceTree = BUILT_PRODUCTS_DIR; };
		472DED1D25E1362B00D1DC68 /* AppDelegate.swift */ = {isa = PBXFileReference; lastKnownFileType = sourcecode.swift; path = AppDelegate.swift; sourceTree = "<group>"; };
		472DED1F25E1362B00D1DC68 /* SceneDelegate.swift */ = {isa = PBXFileReference; lastKnownFileType = sourcecode.swift; path = SceneDelegate.swift; sourceTree = "<group>"; };
		472DED2125E1362B00D1DC68 /* HomeViewController.swift */ = {isa = PBXFileReference; lastKnownFileType = sourcecode.swift; path = HomeViewController.swift; sourceTree = "<group>"; };
		472DED2425E1362C00D1DC68 /* Base */ = {isa = PBXFileReference; lastKnownFileType = file.storyboard; name = Base; path = Base.lproj/Main.storyboard; sourceTree = "<group>"; };
		472DED2725E1362C00D1DC68 /* Instagram.xcdatamodel */ = {isa = PBXFileReference; lastKnownFileType = wrapper.xcdatamodel; path = Instagram.xcdatamodel; sourceTree = "<group>"; };
		472DED2925E1363200D1DC68 /* Assets.xcassets */ = {isa = PBXFileReference; lastKnownFileType = folder.assetcatalog; path = Assets.xcassets; sourceTree = "<group>"; };
		472DED2C25E1363200D1DC68 /* Base */ = {isa = PBXFileReference; lastKnownFileType = file.storyboard; name = Base; path = Base.lproj/LaunchScreen.storyboard; sourceTree = "<group>"; };
		472DED2E25E1363200D1DC68 /* Info.plist */ = {isa = PBXFileReference; lastKnownFileType = text.plist.xml; path = Info.plist; sourceTree = "<group>"; };
		472DED3325E1363300D1DC68 /* InstagramTests.xctest */ = {isa = PBXFileReference; explicitFileType = wrapper.cfbundle; includeInIndex = 0; path = InstagramTests.xctest; sourceTree = BUILT_PRODUCTS_DIR; };
		472DED3725E1363300D1DC68 /* InstagramTests.swift */ = {isa = PBXFileReference; lastKnownFileType = sourcecode.swift; path = InstagramTests.swift; sourceTree = "<group>"; };
		472DED3925E1363300D1DC68 /* Info.plist */ = {isa = PBXFileReference; lastKnownFileType = text.plist.xml; path = Info.plist; sourceTree = "<group>"; };
		472DED3E25E1363300D1DC68 /* InstagramUITests.xctest */ = {isa = PBXFileReference; explicitFileType = wrapper.cfbundle; includeInIndex = 0; path = InstagramUITests.xctest; sourceTree = BUILT_PRODUCTS_DIR; };
		472DED4225E1363300D1DC68 /* InstagramUITests.swift */ = {isa = PBXFileReference; lastKnownFileType = sourcecode.swift; path = InstagramUITests.swift; sourceTree = "<group>"; };
		472DED4425E1363300D1DC68 /* Info.plist */ = {isa = PBXFileReference; lastKnownFileType = text.plist.xml; path = Info.plist; sourceTree = "<group>"; };
		472DED5E25E13BB600D1DC68 /* ExploreViewController.swift */ = {isa = PBXFileReference; lastKnownFileType = sourcecode.swift; path = ExploreViewController.swift; sourceTree = "<group>"; };
		472DED6E25E13BFB00D1DC68 /* CameraViewController.swift */ = {isa = PBXFileReference; lastKnownFileType = sourcecode.swift; path = CameraViewController.swift; sourceTree = "<group>"; };
		472DED7325E13C2000D1DC68 /* NotificationViewController.swift */ = {isa = PBXFileReference; lastKnownFileType = sourcecode.swift; path = NotificationViewController.swift; sourceTree = "<group>"; };
		472DED7825E13C3700D1DC68 /* ProfileViewController.swift */ = {isa = PBXFileReference; lastKnownFileType = sourcecode.swift; path = ProfileViewController.swift; sourceTree = "<group>"; };
		472DED8025E13D0E00D1DC68 /* LoginViewController.swift */ = {isa = PBXFileReference; lastKnownFileType = sourcecode.swift; path = LoginViewController.swift; sourceTree = "<group>"; };
		472DED8825E13D2900D1DC68 /* RegistrationViewController.swift */ = {isa = PBXFileReference; lastKnownFileType = sourcecode.swift; path = RegistrationViewController.swift; sourceTree = "<group>"; };
		472DED8D25E13D5600D1DC68 /* PostViewController.swift */ = {isa = PBXFileReference; lastKnownFileType = sourcecode.swift; path = PostViewController.swift; sourceTree = "<group>"; };
		472DED9225E13D8900D1DC68 /* EditProfileViewController.swift */ = {isa = PBXFileReference; lastKnownFileType = sourcecode.swift; path = EditProfileViewController.swift; sourceTree = "<group>"; };
		472DED9725E13DA000D1DC68 /* SettingsViewController.swift */ = {isa = PBXFileReference; lastKnownFileType = sourcecode.swift; path = SettingsViewController.swift; sourceTree = "<group>"; };
		472DED9C25E13DC000D1DC68 /* ListViewController.swift */ = {isa = PBXFileReference; lastKnownFileType = sourcecode.swift; path = ListViewController.swift; sourceTree = "<group>"; };
		472DEDA125E13DE100D1DC68 /* SearchViewController.swift */ = {isa = PBXFileReference; lastKnownFileType = sourcecode.swift; path = SearchViewController.swift; sourceTree = "<group>"; };
		472DEDA625E13DFE00D1DC68 /* SearchResultViewController.swift */ = {isa = PBXFileReference; lastKnownFileType = sourcecode.swift; path = SearchResultViewController.swift; sourceTree = "<group>"; };
		472DEDAB25E13E6A00D1DC68 /* PostEditorViewController.swift */ = {isa = PBXFileReference; lastKnownFileType = sourcecode.swift; path = PostEditorViewController.swift; sourceTree = "<group>"; };
		472DEDB025E13E8D00D1DC68 /* PublishPostViewController.swift */ = {isa = PBXFileReference; lastKnownFileType = sourcecode.swift; path = PublishPostViewController.swift; sourceTree = "<group>"; };
/* End PBXFileReference section */

/* Begin PBXFrameworksBuildPhase section */
		472DED1725E1362B00D1DC68 /* Frameworks */ = {
			isa = PBXFrameworksBuildPhase;
			buildActionMask = 2147483647;
			files = (
			);
			runOnlyForDeploymentPostprocessing = 0;
		};
		472DED3025E1363300D1DC68 /* Frameworks */ = {
			isa = PBXFrameworksBuildPhase;
			buildActionMask = 2147483647;
			files = (
			);
			runOnlyForDeploymentPostprocessing = 0;
		};
		472DED3B25E1363300D1DC68 /* Frameworks */ = {
			isa = PBXFrameworksBuildPhase;
			buildActionMask = 2147483647;
			files = (
			);
			runOnlyForDeploymentPostprocessing = 0;
		};
/* End PBXFrameworksBuildPhase section */

/* Begin PBXGroup section */
		472DED1125E1362B00D1DC68 = {
			isa = PBXGroup;
			children = (
				472DED1C25E1362B00D1DC68 /* Instagram */,
				472DED3625E1363300D1DC68 /* InstagramTests */,
				472DED4125E1363300D1DC68 /* InstagramUITests */,
				472DED1B25E1362B00D1DC68 /* Products */,
			);
			sourceTree = "<group>";
		};
		472DED1B25E1362B00D1DC68 /* Products */ = {
			isa = PBXGroup;
			children = (
				472DED1A25E1362B00D1DC68 /* Instagram.app */,
				472DED3325E1363300D1DC68 /* InstagramTests.xctest */,
				472DED3E25E1363300D1DC68 /* InstagramUITests.xctest */,
			);
			name = Products;
			sourceTree = "<group>";
		};
		472DED1C25E1362B00D1DC68 /* Instagram */ = {
			isa = PBXGroup;
			children = (
				472DED5925E1379200D1DC68 /* Resources */,
				472DED5825E1378100D1DC68 /* Models */,
				472DED5725E1377000D1DC68 /* Controllers */,
				472DED5625E1376600D1DC68 /* Views */,
				472DED2E25E1363200D1DC68 /* Info.plist */,
				472DED2625E1362C00D1DC68 /* Instagram.xcdatamodeld */,
			);
			path = Instagram;
			sourceTree = "<group>";
		};
		472DED3625E1363300D1DC68 /* InstagramTests */ = {
			isa = PBXGroup;
			children = (
				472DED3725E1363300D1DC68 /* InstagramTests.swift */,
				472DED3925E1363300D1DC68 /* Info.plist */,
			);
			path = InstagramTests;
			sourceTree = "<group>";
		};
		472DED4125E1363300D1DC68 /* InstagramUITests */ = {
			isa = PBXGroup;
			children = (
				472DED4225E1363300D1DC68 /* InstagramUITests.swift */,
				472DED4425E1363300D1DC68 /* Info.plist */,
			);
			path = InstagramUITests;
			sourceTree = "<group>";
		};
		472DED5625E1376600D1DC68 /* Views */ = {
			isa = PBXGroup;
			children = (
				472DED5D25E13B4700D1DC68 /* Sotryboards */,
				472DED2925E1363200D1DC68 /* Assets.xcassets */,
			);
			path = Views;
			sourceTree = "<group>";
		};
		472DED5725E1377000D1DC68 /* Controllers */ = {
			isa = PBXGroup;
			children = (
				472DED7E25E13CDB00D1DC68 /* Other */,
				472DED7D25E13C8F00D1DC68 /* Core Tabs */,
			);
			path = Controllers;
			sourceTree = "<group>";
		};
		472DED5825E1378100D1DC68 /* Models */ = {
			isa = PBXGroup;
			children = (
			);
			path = Models;
			sourceTree = "<group>";
		};
		472DED5925E1379200D1DC68 /* Resources */ = {
			isa = PBXGroup;
			children = (
				472DED1D25E1362B00D1DC68 /* AppDelegate.swift */,
				472DED1F25E1362B00D1DC68 /* SceneDelegate.swift */,
			);
			path = Resources;
			sourceTree = "<group>";
		};
		472DED5D25E13B4700D1DC68 /* Sotryboards */ = {
			isa = PBXGroup;
			children = (
				472DED2325E1362C00D1DC68 /* Main.storyboard */,
				472DED2B25E1363200D1DC68 /* LaunchScreen.storyboard */,
			);
			path = Sotryboards;
			sourceTree = "<group>";
		};
		472DED7D25E13C8F00D1DC68 /* Core Tabs */ = {
			isa = PBXGroup;
			children = (
				472DED2125E1362B00D1DC68 /* HomeViewController.swift */,
				472DED5E25E13BB600D1DC68 /* ExploreViewController.swift */,
				472DED6E25E13BFB00D1DC68 /* CameraViewController.swift */,
				472DED7325E13C2000D1DC68 /* NotificationViewController.swift */,
				472DED7825E13C3700D1DC68 /* ProfileViewController.swift */,
			);
			path = "Core Tabs";
			sourceTree = "<group>";
		};
		472DED7E25E13CDB00D1DC68 /* Other */ = {
			isa = PBXGroup;
			children = (
				472DED7F25E13CEC00D1DC68 /* Onboarding */,
				472DED8D25E13D5600D1DC68 /* PostViewController.swift */,
				472DED9225E13D8900D1DC68 /* EditProfileViewController.swift */,
				472DED9725E13DA000D1DC68 /* SettingsViewController.swift */,
				472DED9C25E13DC000D1DC68 /* ListViewController.swift */,
				472DEDA125E13DE100D1DC68 /* SearchViewController.swift */,
				472DEDA625E13DFE00D1DC68 /* SearchResultViewController.swift */,
				472DEDAB25E13E6A00D1DC68 /* PostEditorViewController.swift */,
				472DEDB025E13E8D00D1DC68 /* PublishPostViewController.swift */,
			);
			path = Other;
			sourceTree = "<group>";
		};
		472DED7F25E13CEC00D1DC68 /* Onboarding */ = {
			isa = PBXGroup;
			children = (
				472DED8025E13D0E00D1DC68 /* LoginViewController.swift */,
				472DED8825E13D2900D1DC68 /* RegistrationViewController.swift */,
			);
			path = Onboarding;
			sourceTree = "<group>";
		};
/* End PBXGroup section */

/* Begin PBXNativeTarget section */
		472DED1925E1362B00D1DC68 /* Instagram */ = {
			isa = PBXNativeTarget;
			buildConfigurationList = 472DED4725E1363300D1DC68 /* Build configuration list for PBXNativeTarget "Instagram" */;
			buildPhases = (
				472DED1625E1362B00D1DC68 /* Sources */,
				472DED1725E1362B00D1DC68 /* Frameworks */,
				472DED1825E1362B00D1DC68 /* Resources */,
			);
			buildRules = (
			);
			dependencies = (
			);
			name = Instagram;
			productName = Instagram;
			productReference = 472DED1A25E1362B00D1DC68 /* Instagram.app */;
			productType = "com.apple.product-type.application";
		};
		472DED3225E1363300D1DC68 /* InstagramTests */ = {
			isa = PBXNativeTarget;
			buildConfigurationList = 472DED4A25E1363300D1DC68 /* Build configuration list for PBXNativeTarget "InstagramTests" */;
			buildPhases = (
				472DED2F25E1363300D1DC68 /* Sources */,
				472DED3025E1363300D1DC68 /* Frameworks */,
				472DED3125E1363300D1DC68 /* Resources */,
			);
			buildRules = (
			);
			dependencies = (
				472DED3525E1363300D1DC68 /* PBXTargetDependency */,
			);
			name = InstagramTests;
			productName = InstagramTests;
			productReference = 472DED3325E1363300D1DC68 /* InstagramTests.xctest */;
			productType = "com.apple.product-type.bundle.unit-test";
		};
		472DED3D25E1363300D1DC68 /* InstagramUITests */ = {
			isa = PBXNativeTarget;
			buildConfigurationList = 472DED4D25E1363300D1DC68 /* Build configuration list for PBXNativeTarget "InstagramUITests" */;
			buildPhases = (
				472DED3A25E1363300D1DC68 /* Sources */,
				472DED3B25E1363300D1DC68 /* Frameworks */,
				472DED3C25E1363300D1DC68 /* Resources */,
			);
			buildRules = (
			);
			dependencies = (
				472DED4025E1363300D1DC68 /* PBXTargetDependency */,
			);
			name = InstagramUITests;
			productName = InstagramUITests;
			productReference = 472DED3E25E1363300D1DC68 /* InstagramUITests.xctest */;
			productType = "com.apple.product-type.bundle.ui-testing";
		};
/* End PBXNativeTarget section */

/* Begin PBXProject section */
		472DED1225E1362B00D1DC68 /* Project object */ = {
			isa = PBXProject;
			attributes = {
				LastSwiftUpdateCheck = 1240;
				LastUpgradeCheck = 1240;
				TargetAttributes = {
					472DED1925E1362B00D1DC68 = {
						CreatedOnToolsVersion = 12.4;
					};
					472DED3225E1363300D1DC68 = {
						CreatedOnToolsVersion = 12.4;
						TestTargetID = 472DED1925E1362B00D1DC68;
					};
					472DED3D25E1363300D1DC68 = {
						CreatedOnToolsVersion = 12.4;
						TestTargetID = 472DED1925E1362B00D1DC68;
					};
				};
			};
			buildConfigurationList = 472DED1525E1362B00D1DC68 /* Build configuration list for PBXProject "Instagram" */;
			compatibilityVersion = "Xcode 9.3";
			developmentRegion = en;
			hasScannedForEncodings = 0;
			knownRegions = (
				en,
				Base,
			);
			mainGroup = 472DED1125E1362B00D1DC68;
			productRefGroup = 472DED1B25E1362B00D1DC68 /* Products */;
			projectDirPath = "";
			projectRoot = "";
			targets = (
				472DED1925E1362B00D1DC68 /* Instagram */,
				472DED3225E1363300D1DC68 /* InstagramTests */,
				472DED3D25E1363300D1DC68 /* InstagramUITests */,
			);
		};
/* End PBXProject section */

/* Begin PBXResourcesBuildPhase section */
		472DED1825E1362B00D1DC68 /* Resources */ = {
			isa = PBXResourcesBuildPhase;
			buildActionMask = 2147483647;
			files = (
				472DED2D25E1363200D1DC68 /* LaunchScreen.storyboard in Resources */,
				472DED2A25E1363200D1DC68 /* Assets.xcassets in Resources */,
				472DED2525E1362C00D1DC68 /* Main.storyboard in Resources */,
			);
			runOnlyForDeploymentPostprocessing = 0;
		};
		472DED3125E1363300D1DC68 /* Resources */ = {
			isa = PBXResourcesBuildPhase;
			buildActionMask = 2147483647;
			files = (
			);
			runOnlyForDeploymentPostprocessing = 0;
		};
		472DED3C25E1363300D1DC68 /* Resources */ = {
			isa = PBXResourcesBuildPhase;
			buildActionMask = 2147483647;
			files = (
			);
			runOnlyForDeploymentPostprocessing = 0;
		};
/* End PBXResourcesBuildPhase section */

/* Begin PBXSourcesBuildPhase section */
		472DED1625E1362B00D1DC68 /* Sources */ = {
			isa = PBXSourcesBuildPhase;
			buildActionMask = 2147483647;
			files = (
				472DEDA225E13DE100D1DC68 /* SearchViewController.swift in Sources */,
				472DED8125E13D0E00D1DC68 /* LoginViewController.swift in Sources */,
				472DED2825E1362C00D1DC68 /* Instagram.xcdatamodeld in Sources */,
				472DED2225E1362B00D1DC68 /* HomeViewController.swift in Sources */,
				472DEDAC25E13E6A00D1DC68 /* PostEditorViewController.swift in Sources */,
				472DED5F25E13BB600D1DC68 /* ExploreViewController.swift in Sources */,
				472DED8925E13D2900D1DC68 /* RegistrationViewController.swift in Sources */,
				472DED7425E13C2000D1DC68 /* NotificationViewController.swift in Sources */,
				472DED9D25E13DC000D1DC68 /* ListViewController.swift in Sources */,
				472DED1E25E1362B00D1DC68 /* AppDelegate.swift in Sources */,
				472DEDB125E13E8D00D1DC68 /* PublishPostViewController.swift in Sources */,
				472DED2025E1362B00D1DC68 /* SceneDelegate.swift in Sources */,
				472DED9325E13D8900D1DC68 /* EditProfileViewController.swift in Sources */,
				472DED7925E13C3700D1DC68 /* ProfileViewController.swift in Sources */,
				472DED9825E13DA000D1DC68 /* SettingsViewController.swift in Sources */,
				472DED6F25E13BFB00D1DC68 /* CameraViewController.swift in Sources */,
				472DEDA725E13DFE00D1DC68 /* SearchResultViewController.swift in Sources */,
				472DED8E25E13D5600D1DC68 /* PostViewController.swift in Sources */,
			);
			runOnlyForDeploymentPostprocessing = 0;
		};
		472DED2F25E1363300D1DC68 /* Sources */ = {
			isa = PBXSourcesBuildPhase;
			buildActionMask = 2147483647;
			files = (
				472DED3825E1363300D1DC68 /* InstagramTests.swift in Sources */,
			);
			runOnlyForDeploymentPostprocessing = 0;
		};
		472DED3A25E1363300D1DC68 /* Sources */ = {
			isa = PBXSourcesBuildPhase;
			buildActionMask = 2147483647;
			files = (
				472DED4325E1363300D1DC68 /* InstagramUITests.swift in Sources */,
			);
			runOnlyForDeploymentPostprocessing = 0;
		};
/* End PBXSourcesBuildPhase section */

/* Begin PBXTargetDependency section */
		472DED3525E1363300D1DC68 /* PBXTargetDependency */ = {
			isa = PBXTargetDependency;
			target = 472DED1925E1362B00D1DC68 /* Instagram */;
			targetProxy = 472DED3425E1363300D1DC68 /* PBXContainerItemProxy */;
		};
		472DED4025E1363300D1DC68 /* PBXTargetDependency */ = {
			isa = PBXTargetDependency;
			target = 472DED1925E1362B00D1DC68 /* Instagram */;
			targetProxy = 472DED3F25E1363300D1DC68 /* PBXContainerItemProxy */;
		};
/* End PBXTargetDependency section */

/* Begin PBXVariantGroup section */
		472DED2325E1362C00D1DC68 /* Main.storyboard */ = {
			isa = PBXVariantGroup;
			children = (
				472DED2425E1362C00D1DC68 /* Base */,
			);
			name = Main.storyboard;
			sourceTree = "<group>";
		};
		472DED2B25E1363200D1DC68 /* LaunchScreen.storyboard */ = {
			isa = PBXVariantGroup;
			children = (
				472DED2C25E1363200D1DC68 /* Base */,
			);
			name = LaunchScreen.storyboard;
			sourceTree = "<group>";
		};
/* End PBXVariantGroup section */

/* Begin XCBuildConfiguration section */
		472DED4525E1363300D1DC68 /* Debug */ = {
			isa = XCBuildConfiguration;
			buildSettings = {
				ALWAYS_SEARCH_USER_PATHS = NO;
				CLANG_ANALYZER_NONNULL = YES;
				CLANG_ANALYZER_NUMBER_OBJECT_CONVERSION = YES_AGGRESSIVE;
				CLANG_CXX_LANGUAGE_STANDARD = "gnu++14";
				CLANG_CXX_LIBRARY = "libc++";
				CLANG_ENABLE_MODULES = YES;
				CLANG_ENABLE_OBJC_ARC = YES;
				CLANG_ENABLE_OBJC_WEAK = YES;
				CLANG_WARN_BLOCK_CAPTURE_AUTORELEASING = YES;
				CLANG_WARN_BOOL_CONVERSION = YES;
				CLANG_WARN_COMMA = YES;
				CLANG_WARN_CONSTANT_CONVERSION = YES;
				CLANG_WARN_DEPRECATED_OBJC_IMPLEMENTATIONS = YES;
				CLANG_WARN_DIRECT_OBJC_ISA_USAGE = YES_ERROR;
				CLANG_WARN_DOCUMENTATION_COMMENTS = YES;
				CLANG_WARN_EMPTY_BODY = YES;
				CLANG_WARN_ENUM_CONVERSION = YES;
				CLANG_WARN_INFINITE_RECURSION = YES;
				CLANG_WARN_INT_CONVERSION = YES;
				CLANG_WARN_NON_LITERAL_NULL_CONVERSION = YES;
				CLANG_WARN_OBJC_IMPLICIT_RETAIN_SELF = YES;
				CLANG_WARN_OBJC_LITERAL_CONVERSION = YES;
				CLANG_WARN_OBJC_ROOT_CLASS = YES_ERROR;
				CLANG_WARN_QUOTED_INCLUDE_IN_FRAMEWORK_HEADER = YES;
				CLANG_WARN_RANGE_LOOP_ANALYSIS = YES;
				CLANG_WARN_STRICT_PROTOTYPES = YES;
				CLANG_WARN_SUSPICIOUS_MOVE = YES;
				CLANG_WARN_UNGUARDED_AVAILABILITY = YES_AGGRESSIVE;
				CLANG_WARN_UNREACHABLE_CODE = YES;
				CLANG_WARN__DUPLICATE_METHOD_MATCH = YES;
				COPY_PHASE_STRIP = NO;
				DEBUG_INFORMATION_FORMAT = dwarf;
				ENABLE_STRICT_OBJC_MSGSEND = YES;
				ENABLE_TESTABILITY = YES;
				GCC_C_LANGUAGE_STANDARD = gnu11;
				GCC_DYNAMIC_NO_PIC = NO;
				GCC_NO_COMMON_BLOCKS = YES;
				GCC_OPTIMIZATION_LEVEL = 0;
				GCC_PREPROCESSOR_DEFINITIONS = (
					"DEBUG=1",
					"$(inherited)",
				);
				GCC_WARN_64_TO_32_BIT_CONVERSION = YES;
				GCC_WARN_ABOUT_RETURN_TYPE = YES_ERROR;
				GCC_WARN_UNDECLARED_SELECTOR = YES;
				GCC_WARN_UNINITIALIZED_AUTOS = YES_AGGRESSIVE;
				GCC_WARN_UNUSED_FUNCTION = YES;
				GCC_WARN_UNUSED_VARIABLE = YES;
				IPHONEOS_DEPLOYMENT_TARGET = 14.4;
				MTL_ENABLE_DEBUG_INFO = INCLUDE_SOURCE;
				MTL_FAST_MATH = YES;
				ONLY_ACTIVE_ARCH = YES;
				SDKROOT = iphoneos;
				SWIFT_ACTIVE_COMPILATION_CONDITIONS = DEBUG;
				SWIFT_OPTIMIZATION_LEVEL = "-Onone";
			};
			name = Debug;
		};
		472DED4625E1363300D1DC68 /* Release */ = {
			isa = XCBuildConfiguration;
			buildSettings = {
				ALWAYS_SEARCH_USER_PATHS = NO;
				CLANG_ANALYZER_NONNULL = YES;
				CLANG_ANALYZER_NUMBER_OBJECT_CONVERSION = YES_AGGRESSIVE;
				CLANG_CXX_LANGUAGE_STANDARD = "gnu++14";
				CLANG_CXX_LIBRARY = "libc++";
				CLANG_ENABLE_MODULES = YES;
				CLANG_ENABLE_OBJC_ARC = YES;
				CLANG_ENABLE_OBJC_WEAK = YES;
				CLANG_WARN_BLOCK_CAPTURE_AUTORELEASING = YES;
				CLANG_WARN_BOOL_CONVERSION = YES;
				CLANG_WARN_COMMA = YES;
				CLANG_WARN_CONSTANT_CONVERSION = YES;
				CLANG_WARN_DEPRECATED_OBJC_IMPLEMENTATIONS = YES;
				CLANG_WARN_DIRECT_OBJC_ISA_USAGE = YES_ERROR;
				CLANG_WARN_DOCUMENTATION_COMMENTS = YES;
				CLANG_WARN_EMPTY_BODY = YES;
				CLANG_WARN_ENUM_CONVERSION = YES;
				CLANG_WARN_INFINITE_RECURSION = YES;
				CLANG_WARN_INT_CONVERSION = YES;
				CLANG_WARN_NON_LITERAL_NULL_CONVERSION = YES;
				CLANG_WARN_OBJC_IMPLICIT_RETAIN_SELF = YES;
				CLANG_WARN_OBJC_LITERAL_CONVERSION = YES;
				CLANG_WARN_OBJC_ROOT_CLASS = YES_ERROR;
				CLANG_WARN_QUOTED_INCLUDE_IN_FRAMEWORK_HEADER = YES;
				CLANG_WARN_RANGE_LOOP_ANALYSIS = YES;
				CLANG_WARN_STRICT_PROTOTYPES = YES;
				CLANG_WARN_SUSPICIOUS_MOVE = YES;
				CLANG_WARN_UNGUARDED_AVAILABILITY = YES_AGGRESSIVE;
				CLANG_WARN_UNREACHABLE_CODE = YES;
				CLANG_WARN__DUPLICATE_METHOD_MATCH = YES;
				COPY_PHASE_STRIP = NO;
				DEBUG_INFORMATION_FORMAT = "dwarf-with-dsym";
				ENABLE_NS_ASSERTIONS = NO;
				ENABLE_STRICT_OBJC_MSGSEND = YES;
				GCC_C_LANGUAGE_STANDARD = gnu11;
				GCC_NO_COMMON_BLOCKS = YES;
				GCC_WARN_64_TO_32_BIT_CONVERSION = YES;
				GCC_WARN_ABOUT_RETURN_TYPE = YES_ERROR;
				GCC_WARN_UNDECLARED_SELECTOR = YES;
				GCC_WARN_UNINITIALIZED_AUTOS = YES_AGGRESSIVE;
				GCC_WARN_UNUSED_FUNCTION = YES;
				GCC_WARN_UNUSED_VARIABLE = YES;
				IPHONEOS_DEPLOYMENT_TARGET = 14.4;
				MTL_ENABLE_DEBUG_INFO = NO;
				MTL_FAST_MATH = YES;
				SDKROOT = iphoneos;
				SWIFT_COMPILATION_MODE = wholemodule;
				SWIFT_OPTIMIZATION_LEVEL = "-O";
				VALIDATE_PRODUCT = YES;
			};
			name = Release;
		};
		472DED4825E1363300D1DC68 /* Debug */ = {
			isa = XCBuildConfiguration;
			buildSettings = {
				ASSETCATALOG_COMPILER_APPICON_NAME = AppIcon;
				ASSETCATALOG_COMPILER_GLOBAL_ACCENT_COLOR_NAME = AccentColor;
				CODE_SIGN_STYLE = Automatic;
				DEVELOPMENT_TEAM = M22ZR2NX85;
				INFOPLIST_FILE = Instagram/Info.plist;
				LD_RUNPATH_SEARCH_PATHS = (
					"$(inherited)",
					"@executable_path/Frameworks",
				);
				PRODUCT_BUNDLE_IDENTIFIER = progma.Instagram;
				PRODUCT_NAME = "$(TARGET_NAME)";
				SWIFT_VERSION = 5.0;
				TARGETED_DEVICE_FAMILY = 1;
			};
			name = Debug;
		};
		472DED4925E1363300D1DC68 /* Release */ = {
			isa = XCBuildConfiguration;
			buildSettings = {
				ASSETCATALOG_COMPILER_APPICON_NAME = AppIcon;
				ASSETCATALOG_COMPILER_GLOBAL_ACCENT_COLOR_NAME = AccentColor;
				CODE_SIGN_STYLE = Automatic;
				DEVELOPMENT_TEAM = M22ZR2NX85;
				INFOPLIST_FILE = Instagram/Info.plist;
				LD_RUNPATH_SEARCH_PATHS = (
					"$(inherited)",
					"@executable_path/Frameworks",
				);
				PRODUCT_BUNDLE_IDENTIFIER = progma.Instagram;
				PRODUCT_NAME = "$(TARGET_NAME)";
				SWIFT_VERSION = 5.0;
				TARGETED_DEVICE_FAMILY = 1;
			};
			name = Release;
		};
		472DED4B25E1363300D1DC68 /* Debug */ = {
			isa = XCBuildConfiguration;
			buildSettings = {
				ALWAYS_EMBED_SWIFT_STANDARD_LIBRARIES = YES;
				BUNDLE_LOADER = "$(TEST_HOST)";
				CODE_SIGN_STYLE = Automatic;
				DEVELOPMENT_TEAM = M22ZR2NX85;
				INFOPLIST_FILE = InstagramTests/Info.plist;
				IPHONEOS_DEPLOYMENT_TARGET = 14.4;
				LD_RUNPATH_SEARCH_PATHS = (
					"$(inherited)",
					"@executable_path/Frameworks",
					"@loader_path/Frameworks",
				);
				PRODUCT_BUNDLE_IDENTIFIER = progma.InstagramTests;
				PRODUCT_NAME = "$(TARGET_NAME)";
				SWIFT_VERSION = 5.0;
				TARGETED_DEVICE_FAMILY = "1,2";
				TEST_HOST = "$(BUILT_PRODUCTS_DIR)/Instagram.app/Instagram";
			};
			name = Debug;
		};
		472DED4C25E1363300D1DC68 /* Release */ = {
			isa = XCBuildConfiguration;
			buildSettings = {
				ALWAYS_EMBED_SWIFT_STANDARD_LIBRARIES = YES;
				BUNDLE_LOADER = "$(TEST_HOST)";
				CODE_SIGN_STYLE = Automatic;
				DEVELOPMENT_TEAM = M22ZR2NX85;
				INFOPLIST_FILE = InstagramTests/Info.plist;
				IPHONEOS_DEPLOYMENT_TARGET = 14.4;
				LD_RUNPATH_SEARCH_PATHS = (
					"$(inherited)",
					"@executable_path/Frameworks",
					"@loader_path/Frameworks",
				);
				PRODUCT_BUNDLE_IDENTIFIER = progma.InstagramTests;
				PRODUCT_NAME = "$(TARGET_NAME)";
				SWIFT_VERSION = 5.0;
				TARGETED_DEVICE_FAMILY = "1,2";
				TEST_HOST = "$(BUILT_PRODUCTS_DIR)/Instagram.app/Instagram";
			};
			name = Release;
		};
		472DED4E25E1363300D1DC68 /* Debug */ = {
			isa = XCBuildConfiguration;
			buildSettings = {
				ALWAYS_EMBED_SWIFT_STANDARD_LIBRARIES = YES;
				CODE_SIGN_STYLE = Automatic;
				DEVELOPMENT_TEAM = M22ZR2NX85;
				INFOPLIST_FILE = InstagramUITests/Info.plist;
				LD_RUNPATH_SEARCH_PATHS = (
					"$(inherited)",
					"@executable_path/Frameworks",
					"@loader_path/Frameworks",
				);
				PRODUCT_BUNDLE_IDENTIFIER = progma.InstagramUITests;
				PRODUCT_NAME = "$(TARGET_NAME)";
				SWIFT_VERSION = 5.0;
				TARGETED_DEVICE_FAMILY = "1,2";
				TEST_TARGET_NAME = Instagram;
			};
			name = Debug;
		};
		472DED4F25E1363300D1DC68 /* Release */ = {
			isa = XCBuildConfiguration;
			buildSettings = {
				ALWAYS_EMBED_SWIFT_STANDARD_LIBRARIES = YES;
				CODE_SIGN_STYLE = Automatic;
				DEVELOPMENT_TEAM = M22ZR2NX85;
				INFOPLIST_FILE = InstagramUITests/Info.plist;
				LD_RUNPATH_SEARCH_PATHS = (
					"$(inherited)",
					"@executable_path/Frameworks",
					"@loader_path/Frameworks",
				);
				PRODUCT_BUNDLE_IDENTIFIER = progma.InstagramUITests;
				PRODUCT_NAME = "$(TARGET_NAME)";
				SWIFT_VERSION = 5.0;
				TARGETED_DEVICE_FAMILY = "1,2";
				TEST_TARGET_NAME = Instagram;
			};
			name = Release;
		};
/* End XCBuildConfiguration section */

/* Begin XCConfigurationList section */
		472DED1525E1362B00D1DC68 /* Build configuration list for PBXProject "Instagram" */ = {
			isa = XCConfigurationList;
			buildConfigurations = (
				472DED4525E1363300D1DC68 /* Debug */,
				472DED4625E1363300D1DC68 /* Release */,
			);
			defaultConfigurationIsVisible = 0;
			defaultConfigurationName = Release;
		};
		472DED4725E1363300D1DC68 /* Build configuration list for PBXNativeTarget "Instagram" */ = {
			isa = XCConfigurationList;
			buildConfigurations = (
				472DED4825E1363300D1DC68 /* Debug */,
				472DED4925E1363300D1DC68 /* Release */,
			);
			defaultConfigurationIsVisible = 0;
			defaultConfigurationName = Release;
		};
		472DED4A25E1363300D1DC68 /* Build configuration list for PBXNativeTarget "InstagramTests" */ = {
			isa = XCConfigurationList;
			buildConfigurations = (
				472DED4B25E1363300D1DC68 /* Debug */,
				472DED4C25E1363300D1DC68 /* Release */,
			);
			defaultConfigurationIsVisible = 0;
			defaultConfigurationName = Release;
		};
		472DED4D25E1363300D1DC68 /* Build configuration list for PBXNativeTarget "InstagramUITests" */ = {
			isa = XCConfigurationList;
			buildConfigurations = (
				472DED4E25E1363300D1DC68 /* Debug */,
				472DED4F25E1363300D1DC68 /* Release */,
			);
			defaultConfigurationIsVisible = 0;
			defaultConfigurationName = Release;
		};
/* End XCConfigurationList section */

/* Begin XCVersionGroup section */
		472DED2625E1362C00D1DC68 /* Instagram.xcdatamodeld */ = {
			isa = XCVersionGroup;
			children = (
				472DED2725E1362C00D1DC68 /* Instagram.xcdatamodel */,
			);
			currentVersion = 472DED2725E1362C00D1DC68 /* Instagram.xcdatamodel */;
			path = Instagram.xcdatamodeld;
			sourceTree = "<group>";
			versionGroupType = wrapper.xcdatamodel;
		};
/* End XCVersionGroup section */
	};
	rootObject = 472DED1225E1362B00D1DC68 /* Project object */;
}
